
Microsoft Visual Studio Solution File, Format Version 12.00
# Visual Studio Version 16
VisualStudioVersion = 16.0.30204.135
MinimumVisualStudioVersion = 10.0.40219.1
Project("{FAE04EC0-301F-11D3-BF4B-00C04F79EFBC}") = "G1ANT.Addon.TwitterAndroid", "G1ANT.Addon.TwitterAndroid.csproj", "{A807CBEF-616F-4EC7-8CFB-0ED18B89AF62}"
EndProject
Global
	GlobalSection(SolutionConfigurationPlatforms) = preSolution
		Debug|Any CPU = Debug|Any CPU
		Release|Any CPU = Release|Any CPU
	EndGlobalSection
	GlobalSection(ProjectConfigurationPlatforms) = postSolution
		{A807CBEF-616F-4EC7-8CFB-0ED18B89AF62}.Debug|Any CPU.ActiveCfg = Debug|Any CPU
		{A807CBEF-616F-4EC7-8CFB-0ED18B89AF62}.Debug|Any CPU.Build.0 = Debug|Any CPU
		{A807CBEF-616F-4EC7-8CFB-0ED18B89AF62}.Release|Any CPU.ActiveCfg = Release|Any CPU
		{A807CBEF-616F-4EC7-8CFB-0ED18B89AF62}.Release|Any CPU.Build.0 = Release|Any CPU
	EndGlobalSection
	GlobalSection(SolutionProperties) = preSolution
		HideSolutionNode = FALSE
	EndGlobalSection
	GlobalSection(ExtensibilityGlobals) = postSolution
		SolutionGuid = {C5A938E4-95E5-402B-828C-85D071F882B7}
	EndGlobalSection
EndGlobal
