
Microsoft Visual Studio Solution File, Format Version 12.00
# Visual Studio Version 16
VisualStudioVersion = 16.0.30204.135
MinimumVisualStudioVersion = 10.0.40219.1
Project("{FAE04EC0-301F-11D3-BF4B-00C04F79EFBC}") = "G1ANT.Addon.AmazonAndroid", "G1ANT.Addon.AmazonAndroid.csproj", "{1125D0FE-A77F-4A2E-BFBD-8EABF2ABFB9A}"
EndProject
Global
	GlobalSection(SolutionConfigurationPlatforms) = preSolution
		Debug|Any CPU = Debug|Any CPU
		Release|Any CPU = Release|Any CPU
	EndGlobalSection
	GlobalSection(ProjectConfigurationPlatforms) = postSolution
		{1125D0FE-A77F-4A2E-BFBD-8EABF2ABFB9A}.Debug|Any CPU.ActiveCfg = Debug|Any CPU
		{1125D0FE-A77F-4A2E-BFBD-8EABF2ABFB9A}.Debug|Any CPU.Build.0 = Debug|Any CPU
		{1125D0FE-A77F-4A2E-BFBD-8EABF2ABFB9A}.Release|Any CPU.ActiveCfg = Release|Any CPU
		{1125D0FE-A77F-4A2E-BFBD-8EABF2ABFB9A}.Release|Any CPU.Build.0 = Release|Any CPU
	EndGlobalSection
	GlobalSection(SolutionProperties) = preSolution
		HideSolutionNode = FALSE
	EndGlobalSection
	GlobalSection(ExtensibilityGlobals) = postSolution
		SolutionGuid = {B2C459D7-0992-451A-81E1-B160FCB76E6B}
	EndGlobalSection
EndGlobal
