
Microsoft Visual Studio Solution File, Format Version 12.00
# Visual Studio Version 16
VisualStudioVersion = 16.0.30204.135
MinimumVisualStudioVersion = 10.0.40219.1
Project("{FAE04EC0-301F-11D3-BF4B-00C04F79EFBC}") = "G1ANT.Addon.Twitter", "G1ANT.Addon.Twitter.csproj", "{EC12A653-E456-48BD-9E95-C50D734A5A26}"
EndProject
Global
	GlobalSection(SolutionConfigurationPlatforms) = preSolution
		Debug|Any CPU = Debug|Any CPU
		Release|Any CPU = Release|Any CPU
	EndGlobalSection
	GlobalSection(ProjectConfigurationPlatforms) = postSolution
		{EC12A653-E456-48BD-9E95-C50D734A5A26}.Debug|Any CPU.ActiveCfg = Debug|Any CPU
		{EC12A653-E456-48BD-9E95-C50D734A5A26}.Debug|Any CPU.Build.0 = Debug|Any CPU
		{EC12A653-E456-48BD-9E95-C50D734A5A26}.Release|Any CPU.ActiveCfg = Release|Any CPU
		{EC12A653-E456-48BD-9E95-C50D734A5A26}.Release|Any CPU.Build.0 = Release|Any CPU
	EndGlobalSection
	GlobalSection(SolutionProperties) = preSolution
		HideSolutionNode = FALSE
	EndGlobalSection
	GlobalSection(ExtensibilityGlobals) = postSolution
		SolutionGuid = {6E3964E7-1FD7-4F65-86C8-60B606B733F2}
	EndGlobalSection
EndGlobal
