
Microsoft Visual Studio Solution File, Format Version 12.00
# Visual Studio Version 16
VisualStudioVersion = 16.0.30204.135
MinimumVisualStudioVersion = 10.0.40219.1
Project("{FAE04EC0-301F-11D3-BF4B-00C04F79EFBC}") = "G1ANT.Addon.Youtube", "G1ANT.Addon.Youtube.csproj", "{52080B58-2B7D-4659-84AB-0A6F93C40E3C}"
EndProject
Global
	GlobalSection(SolutionConfigurationPlatforms) = preSolution
		Debug|Any CPU = Debug|Any CPU
		Release|Any CPU = Release|Any CPU
	EndGlobalSection
	GlobalSection(ProjectConfigurationPlatforms) = postSolution
		{52080B58-2B7D-4659-84AB-0A6F93C40E3C}.Debug|Any CPU.ActiveCfg = Debug|Any CPU
		{52080B58-2B7D-4659-84AB-0A6F93C40E3C}.Debug|Any CPU.Build.0 = Debug|Any CPU
		{52080B58-2B7D-4659-84AB-0A6F93C40E3C}.Release|Any CPU.ActiveCfg = Release|Any CPU
		{52080B58-2B7D-4659-84AB-0A6F93C40E3C}.Release|Any CPU.Build.0 = Release|Any CPU
	EndGlobalSection
	GlobalSection(SolutionProperties) = preSolution
		HideSolutionNode = FALSE
	EndGlobalSection
	GlobalSection(ExtensibilityGlobals) = postSolution
		SolutionGuid = {CCD3147B-5ADB-4C94-AFD2-5352B6FF23A0}
	EndGlobalSection
EndGlobal
